{
  "name": "Fit4Cybersecurity",
  "version": "0.0.1",
  "lockfileVersion": 1,
  "requires": true,
  "dependencies": {
    "bootstrap": {
      "version": "4.6.1",
      "resolved": "https://registry.npmjs.org/bootstrap/-/bootstrap-4.6.1.tgz",
      "integrity": "sha512-0dj+VgI9Ecom+rvvpNZ4MUZJz8dcX7WCX+eTID9+/8HgOkv3dsRzi8BGeZJCQU6flWQVYxwTQnEZFrmJSEO7og=="
    },
    "bootstrap-icons": {
      "version": "1.8.1",
      "resolved": "https://registry.npmjs.org/bootstrap-icons/-/bootstrap-icons-1.8.1.tgz",
      "integrity": "sha512-IXUqislddPJfwq6H+2nTkHyr9epO9h6u1AG0OZCx616w+TgzeoCjfmI3qJMQqt1J586gN2IxzB4M99Ip4sTZ1w=="
    },
    "bootstrap-select": {
      "version": "1.13.18",
      "resolved": "https://registry.npmjs.org/bootstrap-select/-/bootstrap-select-1.13.18.tgz",
      "integrity": "sha512-V1IzK4rxBq5FrJtkzSH6RmFLFBsjx50byFbfAf8jYyXROWs7ZpprGjdHeoyq2HSsHyjJhMMwjsQhRoYAfxCGow=="
    },
    "chart.js": {
      "version": "3.7.1",
      "resolved": "https://registry.npmjs.org/chart.js/-/chart.js-3.7.1.tgz",
      "integrity": "sha512-8knRegQLFnPQAheZV8MjxIXc5gQEfDFD897BJgv/klO/vtIyFFmgMXrNfgrXpbTr/XbTturxRgxIXx/Y+ASJBA=="
    },
    "chartjs-plugin-datalabels": {
      "version": "2.0.0",
      "resolved": "https://registry.npmjs.org/chartjs-plugin-datalabels/-/chartjs-plugin-datalabels-2.0.0.tgz",
      "integrity": "sha512-WBsWihphzM0Y8fmQVm89+iy99mmgejmj5/jcsYqwxSioLRL/zqJ4Scv/eXq5ZqvG3TpojlGzZLeaOaSvDm7fwA=="
    },
    "eonasdan-bootstrap-datetimepicker": {
      "version": "4.17.49",
      "resolved": "https://registry.npmjs.org/eonasdan-bootstrap-datetimepicker/-/eonasdan-bootstrap-datetimepicker-4.17.49.tgz",
      "integrity": "sha512-7KZeDpkj+A6AtPR3XjX8gAnRPUkPSfW0OmMANG1dkUOPMtLSzbyoCjDIdEcfRtQPU5X0D9Gob7wWKn0h4QWy7A==",
      "requires": {
        "bootstrap": "3.4.1",
        "jquery": "3.6.0",
        "moment": "2.29.4",
        "moment-timezone": "0.4.1"
      },
      "dependencies": {
        "bootstrap": {
          "version": "3.4.1",
          "resolved": "https://registry.npmjs.org/bootstrap/-/bootstrap-3.4.1.tgz",
          "integrity": "sha512-yN5oZVmRCwe5aKwzRj6736nSmKDX7pLYwsXiCj/EYmo16hODaBiT4En5btW/jhBF/seV+XMx3aYwukYC3A49DA=="
        }
      }
    },
    "eonasdan-bootstrap-datetimepicker": {
      "version": "4.17.49",
      "resolved": "https://registry.npmjs.org/eonasdan-bootstrap-datetimepicker/-/eonasdan-bootstrap-datetimepicker-4.17.49.tgz",
      "integrity": "sha512-7KZeDpkj+A6AtPR3XjX8gAnRPUkPSfW0OmMANG1dkUOPMtLSzbyoCjDIdEcfRtQPU5X0D9Gob7wWKn0h4QWy7A==",
      "requires": {
        "bootstrap": "^3.3",
        "jquery": "^3.5.1",
        "moment": "^2.10",
        "moment-timezone": "^0.4.0"
      },
      "dependencies": {
        "bootstrap": {
          "version": "3.4.1",
          "resolved": "https://registry.npmjs.org/bootstrap/-/bootstrap-3.4.1.tgz",
          "integrity": "sha512-yN5oZVmRCwe5aKwzRj6736nSmKDX7pLYwsXiCj/EYmo16hODaBiT4En5btW/jhBF/seV+XMx3aYwukYC3A49DA=="
        }
      }
    },
    "fork-awesome": {
      "version": "1.2.0",
      "resolved": "https://registry.npmjs.org/fork-awesome/-/fork-awesome-1.2.0.tgz",
      "integrity": "sha512-MNwTBnnudMIweHfDtTY8TeR5fxIAZ2w9o8ITn5XDySqdxa4k5AH8IuAMa89RVxDxgPNlosZxqkFKN5UmHXuYSw=="
    },
    "jquery": {
      "version": "3.6.0",
      "resolved": "https://registry.npmjs.org/jquery/-/jquery-3.6.0.tgz",
      "integrity": "sha512-JVzAR/AjBvVt2BmYhxRCSYysDsPcssdmTFnzyLEts9qNwmjmu4JTAMYubEfwVOSwpQ1I1sKKFcxhZCI2buerfw=="
    },
    "moment": {
      "version": "2.29.4",
      "resolved": "https://registry.npmjs.org/moment/-/moment-2.29.4.tgz",
      "integrity": "sha512-5LC9SOxjSc2HF6vO2CyuTDNivEdoz2IvyJJGj6X8DJ0eFyfszE0QiEd+iXmBvUP3WHxSjFH/vIsA0EN00cgr8w=="
    },
    "moment-timezone": {
      "version": "0.4.1",
      "resolved": "https://registry.npmjs.org/moment-timezone/-/moment-timezone-0.4.1.tgz",
      "integrity": "sha512-5cNPVUwaVJDCe9JM8m/qz17f9SkaI8rpnRUyDJi2K5HAd6EwhuQ3n5nLclZkNC/qJnomKgQH2TIu70Gy2dxFKA==",
      "requires": {
        "moment": "2.29.4"
      }
    },
    "popper.js": {
      "version": "1.16.1",
      "resolved": "https://registry.npmjs.org/popper.js/-/popper.js-1.16.1.tgz",
      "integrity": "sha512-Wb4p1J4zyFTbM+u6WuO4XstYx4Ky9Cewe4DWrel7B0w6VVICvPwdOpotjzcf6eD8TsckVnIMNONQyPIUFOUbCQ=="
    }
  }
}
